
Microsoft Visual Studio Solution File, Format Version 12.00
# Visual Studio Version 16
VisualStudioVersion = 16.0.30406.217
MinimumVisualStudioVersion = 10.0.40219.1
Project("{8BC9CEB8-8B4A-11D0-8D11-00A0C91BC942}") = "mach2-cli", "mach2-cli.vcxproj", "{6279929A-C965-460A-B53A-8388D2BE47A0}"
	ProjectSection(ProjectDependencies) = postProject
		{036650F8-9EFB-40AD-BE88-E2E8C5E2BD57} = {036650F8-9EFB-40AD-BE88-E2E8C5E2BD57}
	EndProjectSection
EndProject
Project("{8BC9CEB8-8B4A-11D0-8D11-00A0C91BC942}") = "mach2-core", "mach2-core.vcxproj", "{036650F8-9EFB-40AD-BE88-E2E8C5E2BD57}"
EndProject
Project("{8BC9CEB8-8B4A-11D0-8D11-00A0C91BC942}") = "mach2-test", "mach2-test.vcxproj", "{96BA449E-7572-4EB4-97C0-FBD441F94825}"
	ProjectSection(ProjectDependencies) = postProject
		{036650F8-9EFB-40AD-BE88-E2E8C5E2BD57} = {036650F8-9EFB-40AD-BE88-E2E8C5E2BD57}
	EndProjectSection
EndProject
Project("{2150E333-8FDC-42A3-9474-1A3956D46DE8}") = "Solution Items", "Solution Items", "{51878978-82EF-4CF8-B993-7FCA81A4D6ED}"
	ProjectSection(SolutionItems) = preProject
		README.md = README.md
	EndProjectSection
EndProject
Global
	GlobalSection(SolutionConfigurationPlatforms) = preSolution
		Debug|ARM64 = Debug|ARM64
		Debug|x64 = Debug|x64
		Debug|x86 = Debug|x86
		Release|ARM64 = Release|ARM64
		Release|x64 = Release|x64
		Release|x86 = Release|x86
	EndGlobalSection
	GlobalSection(ProjectConfigurationPlatforms) = postSolution
		{6279929A-C965-460A-B53A-8388D2BE47A0}.Debug|ARM64.ActiveCfg = Debug|ARM64
		{6279929A-C965-460A-B53A-8388D2BE47A0}.Debug|ARM64.Build.0 = Debug|ARM64
		{6279929A-C965-460A-B53A-8388D2BE47A0}.Debug|ARM64.Deploy.0 = Debug|ARM64
		{6279929A-C965-460A-B53A-8388D2BE47A0}.Debug|x64.ActiveCfg = Debug|x64
		{6279929A-C965-460A-B53A-8388D2BE47A0}.Debug|x64.Build.0 = Debug|x64
		{6279929A-C965-460A-B53A-8388D2BE47A0}.Debug|x86.ActiveCfg = Debug|Win32
		{6279929A-C965-460A-B53A-8388D2BE47A0}.Debug|x86.Build.0 = Debug|Win32
		{6279929A-C965-460A-B53A-8388D2BE47A0}.Release|ARM64.ActiveCfg = Release|ARM64
		{6279929A-C965-460A-B53A-8388D2BE47A0}.Release|ARM64.Build.0 = Release|ARM64
		{6279929A-C965-460A-B53A-8388D2BE47A0}.Release|x64.ActiveCfg = Release|x64
		{6279929A-C965-460A-B53A-8388D2BE47A0}.Release|x64.Build.0 = Release|x64
		{6279929A-C965-460A-B53A-8388D2BE47A0}.Release|x86.ActiveCfg = Release|Win32
		{6279929A-C965-460A-B53A-8388D2BE47A0}.Release|x86.Build.0 = Release|Win32
		{036650F8-9EFB-40AD-BE88-E2E8C5E2BD57}.Debug|ARM64.ActiveCfg = Debug|ARM64
		{036650F8-9EFB-40AD-BE88-E2E8C5E2BD57}.Debug|ARM64.Build.0 = Debug|ARM64
		{036650F8-9EFB-40AD-BE88-E2E8C5E2BD57}.Debug|x64.ActiveCfg = Debug|x64
		{036650F8-9EFB-40AD-BE88-E2E8C5E2BD57}.Debug|x64.Build.0 = Debug|x64
		{036650F8-9EFB-40AD-BE88-E2E8C5E2BD57}.Debug|x86.ActiveCfg = Debug|Win32
		{036650F8-9EFB-40AD-BE88-E2E8C5E2BD57}.Debug|x86.Build.0 = Debug|Win32
		{036650F8-9EFB-40AD-BE88-E2E8C5E2BD57}.Release|ARM64.ActiveCfg = Release|ARM64
		{036650F8-9EFB-40AD-BE88-E2E8C5E2BD57}.Release|ARM64.Build.0 = Release|ARM64
		{036650F8-9EFB-40AD-BE88-E2E8C5E2BD57}.Release|x64.ActiveCfg = Release|x64
		{036650F8-9EFB-40AD-BE88-E2E8C5E2BD57}.Release|x64.Build.0 = Release|x64
		{036650F8-9EFB-40AD-BE88-E2E8C5E2BD57}.Release|x86.ActiveCfg = Release|Win32
		{036650F8-9EFB-40AD-BE88-E2E8C5E2BD57}.Release|x86.Build.0 = Release|Win32
		{96BA449E-7572-4EB4-97C0-FBD441F94825}.Debug|ARM64.ActiveCfg = Debug|ARM64
		{96BA449E-7572-4EB4-97C0-FBD441F94825}.Debug|ARM64.Build.0 = Debug|ARM64
		{96BA449E-7572-4EB4-97C0-FBD441F94825}.Debug|x64.ActiveCfg = Debug|x64
		{96BA449E-7572-4EB4-97C0-FBD441F94825}.Debug|x64.Build.0 = Debug|x64
		{96BA449E-7572-4EB4-97C0-FBD441F94825}.Debug|x86.ActiveCfg = Debug|Win32
		{96BA449E-7572-4EB4-97C0-FBD441F94825}.Debug|x86.Build.0 = Debug|Win32
		{96BA449E-7572-4EB4-97C0-FBD441F94825}.Release|ARM64.ActiveCfg = Release|ARM64
		{96BA449E-7572-4EB4-97C0-FBD441F94825}.Release|ARM64.Build.0 = Release|ARM64
		{96BA449E-7572-4EB4-97C0-FBD441F94825}.Release|x64.ActiveCfg = Release|x64
		{96BA449E-7572-4EB4-97C0-FBD441F94825}.Release|x64.Build.0 = Release|x64
		{96BA449E-7572-4EB4-97C0-FBD441F94825}.Release|x86.ActiveCfg = Release|Win32
		{96BA449E-7572-4EB4-97C0-FBD441F94825}.Release|x86.Build.0 = Release|Win32
	EndGlobalSection
	GlobalSection(SolutionProperties) = preSolution
		HideSolutionNode = FALSE
	EndGlobalSection
	GlobalSection(ExtensibilityGlobals) = postSolution
		SolutionGuid = {E17FA627-9B51-4D27-87F8-CA3391291670}
	EndGlobalSection
EndGlobal
